
Microsoft Visual Studio Solution File, Format Version 12.00
# Visual Studio 15
VisualStudioVersion = 15.0.28307.1300
MinimumVisualStudioVersion = 10.0.40219.1
Project("{FAE04EC0-301F-11D3-BF4B-00C04F79EFBC}") = "S7NetPlus", "S7NetPlus\S7NetPlus.csproj", "{91AFFB7B-7A48-4E2F-B4B8-FC6568C905D7}"
EndProject
Global
	GlobalSection(SolutionConfigurationPlatforms) = preSolution
		Debug|Any CPU = Debug|Any CPU
		Release|Any CPU = Release|Any CPU
	EndGlobalSection
	GlobalSection(ProjectConfigurationPlatforms) = postSolution
		{91AFFB7B-7A48-4E2F-B4B8-FC6568C905D7}.Debug|Any CPU.ActiveCfg = Debug|Any CPU
		{91AFFB7B-7A48-4E2F-B4B8-FC6568C905D7}.Debug|Any CPU.Build.0 = Debug|Any CPU
		{91AFFB7B-7A48-4E2F-B4B8-FC6568C905D7}.Release|Any CPU.ActiveCfg = Release|Any CPU
		{91AFFB7B-7A48-4E2F-B4B8-FC6568C905D7}.Release|Any CPU.Build.0 = Release|Any CPU
	EndGlobalSection
	GlobalSection(SolutionProperties) = preSolution
		HideSolutionNode = FALSE
	EndGlobalSection
	GlobalSection(ExtensibilityGlobals) = postSolution
		SolutionGuid = {7B1443E5-3182-4BB6-85B6-B0DE09440738}
	EndGlobalSection
EndGlobal
